
Microsoft Visual Studio Solution File, Format Version 12.00
# Visual Studio 15
VisualStudioVersion = 15.0.28010.2016
MinimumVisualStudioVersion = 10.0.40219.1
Project("{9A19103F-16F7-4668-BE54-9A1E7A4F7556}") = "ChatApp.Data", "ChatApp.Data\ChatApp.Data.csproj", "{E01385A2-0D51-4289-A335-C130BB5A522D}"
EndProject
Project("{9A19103F-16F7-4668-BE54-9A1E7A4F7556}") = "ChatApp.Services", "ChatApp.Services\ChatApp.Services.csproj", "{B8BC9466-2F16-4A57-9DA2-89482A13A0C8}"
EndProject
Project("{9A19103F-16F7-4668-BE54-9A1E7A4F7556}") = "ChatApp.Web", "ChatApp.Web\ChatApp.Web.csproj", "{68747DE9-296B-47C9-A38D-BE17D66FD594}"
EndProject
Global
	GlobalSection(SolutionConfigurationPlatforms) = preSolution
		Debug|Any CPU = Debug|Any CPU
		Release|Any CPU = Release|Any CPU
	EndGlobalSection
	GlobalSection(ProjectConfigurationPlatforms) = postSolution
		{E01385A2-0D51-4289-A335-C130BB5A522D}.Debug|Any CPU.ActiveCfg = Debug|Any CPU
		{E01385A2-0D51-4289-A335-C130BB5A522D}.Debug|Any CPU.Build.0 = Debug|Any CPU
		{E01385A2-0D51-4289-A335-C130BB5A522D}.Release|Any CPU.ActiveCfg = Release|Any CPU
		{E01385A2-0D51-4289-A335-C130BB5A522D}.Release|Any CPU.Build.0 = Release|Any CPU
		{B8BC9466-2F16-4A57-9DA2-89482A13A0C8}.Debug|Any CPU.ActiveCfg = Debug|Any CPU
		{B8BC9466-2F16-4A57-9DA2-89482A13A0C8}.Debug|Any CPU.Build.0 = Debug|Any CPU
		{B8BC9466-2F16-4A57-9DA2-89482A13A0C8}.Release|Any CPU.ActiveCfg = Release|Any CPU
		{B8BC9466-2F16-4A57-9DA2-89482A13A0C8}.Release|Any CPU.Build.0 = Release|Any CPU
		{68747DE9-296B-47C9-A38D-BE17D66FD594}.Debug|Any CPU.ActiveCfg = Debug|Any CPU
		{68747DE9-296B-47C9-A38D-BE17D66FD594}.Debug|Any CPU.Build.0 = Debug|Any CPU
		{68747DE9-296B-47C9-A38D-BE17D66FD594}.Release|Any CPU.ActiveCfg = Release|Any CPU
		{68747DE9-296B-47C9-A38D-BE17D66FD594}.Release|Any CPU.Build.0 = Release|Any CPU
	EndGlobalSection
	GlobalSection(SolutionProperties) = preSolution
		HideSolutionNode = FALSE
	EndGlobalSection
	GlobalSection(ExtensibilityGlobals) = postSolution
		SolutionGuid = {44C33609-CAF2-4954-870F-84F5B76B8C1A}
	EndGlobalSection
EndGlobal
